// !$*UTF8*$!
{
	archiveVersion = 1;
	classes = {
	};
	objectVersion = 50;
	objects = {

/* Begin PBXBuildFile section */
		A50CC386262C20D400618C90 /* AppDelegate.swift in Sources */ = {isa = PBXBuildFile; fileRef = A50CC385262C20D400618C90 /* AppDelegate.swift */; };
		A50CC388262C20D400618C90 /* SceneDelegate.swift in Sources */ = {isa = PBXBuildFile; fileRef = A50CC387262C20D400618C90 /* SceneDelegate.swift */; };
		A50CC38A262C20D400618C90 /* ViewController.swift in Sources */ = {isa = PBXBuildFile; fileRef = A50CC389262C20D400618C90 /* ViewController.swift */; };
		A50CC38D262C20D400618C90 /* Main.storyboard in Resources */ = {isa = PBXBuildFile; fileRef = A50CC38B262C20D400618C90 /* Main.storyboard */; };
		A50CC38F262C20D500618C90 /* Assets.xcassets in Resources */ = {isa = PBXBuildFile; fileRef = A50CC38E262C20D500618C90 /* Assets.xcassets */; };
		A50CC392262C20D500618C90 /* LaunchScreen.storyboard in Resources */ = {isa = PBXBuildFile; fileRef = A50CC390262C20D500618C90 /* LaunchScreen.storyboard */; };
		A50CC39D262C20D600618C90 /* PracticeModalPresentTests.swift in Sources */ = {isa = PBXBuildFile; fileRef = A50CC39C262C20D600618C90 /* PracticeModalPresentTests.swift */; };
		A50CC3A8262C20D600618C90 /* PracticeModalPresentUITests.swift in Sources */ = {isa = PBXBuildFile; fileRef = A50CC3A7262C20D600618C90 /* PracticeModalPresentUITests.swift */; };
		A50CC3BA262C21CF00618C90 /* NewViewController.swift in Sources */ = {isa = PBXBuildFile; fileRef = A50CC3B8262C21CF00618C90 /* NewViewController.swift */; };
		A50CC44D262E777000618C90 /* MyViewController.swift in Sources */ = {isa = PBXBuildFile; fileRef = A50CC44C262E777000618C90 /* MyViewController.swift */; };
/* End PBXBuildFile section */

/* Begin PBXContainerItemProxy section */
		A50CC399262C20D600618C90 /* PBXContainerItemProxy */ = {
			isa = PBXContainerItemProxy;
			containerPortal = A50CC37A262C20D400618C90 /* Project object */;
			proxyType = 1;
			remoteGlobalIDString = A50CC381262C20D400618C90;
			remoteInfo = PracticeModalPresent;
		};
		A50CC3A4262C20D600618C90 /* PBXContainerItemProxy */ = {
			isa = PBXContainerItemProxy;
			containerPortal = A50CC37A262C20D400618C90 /* Project object */;
			proxyType = 1;
			remoteGlobalIDString = A50CC381262C20D400618C90;
			remoteInfo = PracticeModalPresent;
		};
/* End PBXContainerItemProxy section */

/* Begin PBXFileReference section */
		A50CC382262C20D400618C90 /* PracticeModalPresent.app */ = {isa = PBXFileReference; explicitFileType = wrapper.application; includeInIndex = 0; path = PracticeModalPresent.app; sourceTree = BUILT_PRODUCTS_DIR; };
		A50CC385262C20D400618C90 /* AppDelegate.swift */ = {isa = PBXFileReference; lastKnownFileType = sourcecode.swift; path = AppDelegate.swift; sourceTree = "<group>"; };
		A50CC387262C20D400618C90 /* SceneDelegate.swift */ = {isa = PBXFileReference; lastKnownFileType = sourcecode.swift; path = SceneDelegate.swift; sourceTree = "<group>"; };
		A50CC389262C20D400618C90 /* ViewController.swift */ = {isa = PBXFileReference; lastKnownFileType = sourcecode.swift; path = ViewController.swift; sourceTree = "<group>"; };
		A50CC38C262C20D400618C90 /* Base */ = {isa = PBXFileReference; lastKnownFileType = file.storyboard; name = Base; path = Base.lproj/Main.storyboard; sourceTree = "<group>"; };
		A50CC38E262C20D500618C90 /* Assets.xcassets */ = {isa = PBXFileReference; lastKnownFileType = folder.assetcatalog; path = Assets.xcassets; sourceTree = "<group>"; };
		A50CC391262C20D500618C90 /* Base */ = {isa = PBXFileReference; lastKnownFileType = file.storyboard; name = Base; path = Base.lproj/LaunchScreen.storyboard; sourceTree = "<group>"; };
		A50CC393262C20D500618C90 /* Info.plist */ = {isa = PBXFileReference; lastKnownFileType = text.plist.xml; path = Info.plist; sourceTree = "<group>"; };
		A50CC398262C20D600618C90 /* PracticeModalPresentTests.xctest */ = {isa = PBXFileReference; explicitFileType = wrapper.cfbundle; includeInIndex = 0; path = PracticeModalPresentTests.xctest; sourceTree = BUILT_PRODUCTS_DIR; };
		A50CC39C262C20D600618C90 /* PracticeModalPresentTests.swift */ = {isa = PBXFileReference; lastKnownFileType = sourcecode.swift; path = PracticeModalPresentTests.swift; sourceTree = "<group>"; };
		A50CC39E262C20D600618C90 /* Info.plist */ = {isa = PBXFileReference; lastKnownFileType = text.plist.xml; path = Info.plist; sourceTree = "<group>"; };
		A50CC3A3262C20D600618C90 /* PracticeModalPresentUITests.xctest */ = {isa = PBXFileReference; explicitFileType = wrapper.cfbundle; includeInIndex = 0; path = PracticeModalPresentUITests.xctest; sourceTree = BUILT_PRODUCTS_DIR; };
		A50CC3A7262C20D600618C90 /* PracticeModalPresentUITests.swift */ = {isa = PBXFileReference; lastKnownFileType = sourcecode.swift; path = PracticeModalPresentUITests.swift; sourceTree = "<group>"; };
		A50CC3A9262C20D600618C90 /* Info.plist */ = {isa = PBXFileReference; lastKnownFileType = text.plist.xml; path = Info.plist; sourceTree = "<group>"; };
		A50CC3B8262C21CF00618C90 /* NewViewController.swift */ = {isa = PBXFileReference; lastKnownFileType = sourcecode.swift; path = NewViewController.swift; sourceTree = "<group>"; };
		A50CC44C262E777000618C90 /* MyViewController.swift */ = {isa = PBXFileReference; lastKnownFileType = sourcecode.swift; path = MyViewController.swift; sourceTree = "<group>"; };
/* End PBXFileReference section */

/* Begin PBXFrameworksBuildPhase section */
		A50CC37F262C20D400618C90 /* Frameworks */ = {
			isa = PBXFrameworksBuildPhase;
			buildActionMask = 2147483647;
			files = (
			);
			runOnlyForDeploymentPostprocessing = 0;
		};
		A50CC395262C20D600618C90 /* Frameworks */ = {
			isa = PBXFrameworksBuildPhase;
			buildActionMask = 2147483647;
			files = (
			);
			runOnlyForDeploymentPostprocessing = 0;
		};
		A50CC3A0262C20D600618C90 /* Frameworks */ = {
			isa = PBXFrameworksBuildPhase;
			buildActionMask = 2147483647;
			files = (
			);
			runOnlyForDeploymentPostprocessing = 0;
		};
/* End PBXFrameworksBuildPhase section */

/* Begin PBXGroup section */
		A50CC379262C20D400618C90 = {
			isa = PBXGroup;
			children = (
				A50CC384262C20D400618C90 /* PracticeModalPresent */,
				A50CC39B262C20D600618C90 /* PracticeModalPresentTests */,
				A50CC3A6262C20D600618C90 /* PracticeModalPresentUITests */,
				A50CC383262C20D400618C90 /* Products */,
			);
			sourceTree = "<group>";
		};
		A50CC383262C20D400618C90 /* Products */ = {
			isa = PBXGroup;
			children = (
				A50CC382262C20D400618C90 /* PracticeModalPresent.app */,
				A50CC398262C20D600618C90 /* PracticeModalPresentTests.xctest */,
				A50CC3A3262C20D600618C90 /* PracticeModalPresentUITests.xctest */,
			);
			name = Products;
			sourceTree = "<group>";
		};
		A50CC384262C20D400618C90 /* PracticeModalPresent */ = {
			isa = PBXGroup;
			children = (
				A50CC385262C20D400618C90 /* AppDelegate.swift */,
				A50CC387262C20D400618C90 /* SceneDelegate.swift */,
				A50CC3B8262C21CF00618C90 /* NewViewController.swift */,
				A50CC389262C20D400618C90 /* ViewController.swift */,
				A50CC38B262C20D400618C90 /* Main.storyboard */,
				A50CC38E262C20D500618C90 /* Assets.xcassets */,
				A50CC390262C20D500618C90 /* LaunchScreen.storyboard */,
				A50CC393262C20D500618C90 /* Info.plist */,
				A50CC44C262E777000618C90 /* MyViewController.swift */,
			);
			path = PracticeModalPresent;
			sourceTree = "<group>";
		};
		A50CC39B262C20D600618C90 /* PracticeModalPresentTests */ = {
			isa = PBXGroup;
			children = (
				A50CC39C262C20D600618C90 /* PracticeModalPresentTests.swift */,
				A50CC39E262C20D600618C90 /* Info.plist */,
			);
			path = PracticeModalPresentTests;
			sourceTree = "<group>";
		};
		A50CC3A6262C20D600618C90 /* PracticeModalPresentUITests */ = {
			isa = PBXGroup;
			children = (
				A50CC3A7262C20D600618C90 /* PracticeModalPresentUITests.swift */,
				A50CC3A9262C20D600618C90 /* Info.plist */,
			);
			path = PracticeModalPresentUITests;
			sourceTree = "<group>";
		};
/* End PBXGroup section */

/* Begin PBXNativeTarget section */
		A50CC381262C20D400618C90 /* PracticeModalPresent */ = {
			isa = PBXNativeTarget;
			buildConfigurationList = A50CC3AC262C20D600618C90 /* Build configuration list for PBXNativeTarget "PracticeModalPresent" */;
			buildPhases = (
				A50CC37E262C20D400618C90 /* Sources */,
				A50CC37F262C20D400618C90 /* Frameworks */,
				A50CC380262C20D400618C90 /* Resources */,
			);
			buildRules = (
			);
			dependencies = (
			);
			name = PracticeModalPresent;
			productName = PracticeModalPresent;
			productReference = A50CC382262C20D400618C90 /* PracticeModalPresent.app */;
			productType = "com.apple.product-type.application";
		};
		A50CC397262C20D600618C90 /* PracticeModalPresentTests */ = {
			isa = PBXNativeTarget;
			buildConfigurationList = A50CC3AF262C20D600618C90 /* Build configuration list for PBXNativeTarget "PracticeModalPresentTests" */;
			buildPhases = (
				A50CC394262C20D600618C90 /* Sources */,
				A50CC395262C20D600618C90 /* Frameworks */,
				A50CC396262C20D600618C90 /* Resources */,
			);
			buildRules = (
			);
			dependencies = (
				A50CC39A262C20D600618C90 /* PBXTargetDependency */,
			);
			name = PracticeModalPresentTests;
			productName = PracticeModalPresentTests;
			productReference = A50CC398262C20D600618C90 /* PracticeModalPresentTests.xctest */;
			productType = "com.apple.product-type.bundle.unit-test";
		};
		A50CC3A2262C20D600618C90 /* PracticeModalPresentUITests */ = {
			isa = PBXNativeTarget;
			buildConfigurationList = A50CC3B2262C20D600618C90 /* Build configuration list for PBXNativeTarget "PracticeModalPresentUITests" */;
			buildPhases = (
				A50CC39F262C20D600618C90 /* Sources */,
				A50CC3A0262C20D600618C90 /* Frameworks */,
				A50CC3A1262C20D600618C90 /* Resources */,
			);
			buildRules = (
			);
			dependencies = (
				A50CC3A5262C20D600618C90 /* PBXTargetDependency */,
			);
			name = PracticeModalPresentUITests;
			productName = PracticeModalPresentUITests;
			productReference = A50CC3A3262C20D600618C90 /* PracticeModalPresentUITests.xctest */;
			productType = "com.apple.product-type.bundle.ui-testing";
		};
/* End PBXNativeTarget section */

/* Begin PBXProject section */
		A50CC37A262C20D400618C90 /* Project object */ = {
			isa = PBXProject;
			attributes = {
				LastSwiftUpdateCheck = 1240;
				LastUpgradeCheck = 1240;
				TargetAttributes = {
					A50CC381262C20D400618C90 = {
						CreatedOnToolsVersion = 12.4;
					};
					A50CC397262C20D600618C90 = {
						CreatedOnToolsVersion = 12.4;
						TestTargetID = A50CC381262C20D400618C90;
					};
					A50CC3A2262C20D600618C90 = {
						CreatedOnToolsVersion = 12.4;
						TestTargetID = A50CC381262C20D400618C90;
					};
				};
			};
			buildConfigurationList = A50CC37D262C20D400618C90 /* Build configuration list for PBXProject "PracticeModalPresent" */;
			compatibilityVersion = "Xcode 9.3";
			developmentRegion = en;
			hasScannedForEncodings = 0;
			knownRegions = (
				en,
				Base,
			);
			mainGroup = A50CC379262C20D400618C90;
			productRefGroup = A50CC383262C20D400618C90 /* Products */;
			projectDirPath = "";
			projectRoot = "";
			targets = (
				A50CC381262C20D400618C90 /* PracticeModalPresent */,
				A50CC397262C20D600618C90 /* PracticeModalPresentTests */,
				A50CC3A2262C20D600618C90 /* PracticeModalPresentUITests */,
			);
		};
/* End PBXProject section */

/* Begin PBXResourcesBuildPhase section */
		A50CC380262C20D400618C90 /* Resources */ = {
			isa = PBXResourcesBuildPhase;
			buildActionMask = 2147483647;
			files = (
				A50CC392262C20D500618C90 /* LaunchScreen.storyboard in Resources */,
				A50CC38F262C20D500618C90 /* Assets.xcassets in Resources */,
				A50CC38D262C20D400618C90 /* Main.storyboard in Resources */,
			);
			runOnlyForDeploymentPostprocessing = 0;
		};
		A50CC396262C20D600618C90 /* Resources */ = {
			isa = PBXResourcesBuildPhase;
			buildActionMask = 2147483647;
			files = (
			);
			runOnlyForDeploymentPostprocessing = 0;
		};
		A50CC3A1262C20D600618C90 /* Resources */ = {
			isa = PBXResourcesBuildPhase;
			buildActionMask = 2147483647;
			files = (
			);
			runOnlyForDeploymentPostprocessing = 0;
		};
/* End PBXResourcesBuildPhase section */

/* Begin PBXSourcesBuildPhase section */
		A50CC37E262C20D400618C90 /* Sources */ = {
			isa = PBXSourcesBuildPhase;
			buildActionMask = 2147483647;
			files = (
				A50CC38A262C20D400618C90 /* ViewController.swift in Sources */,
				A50CC386262C20D400618C90 /* AppDelegate.swift in Sources */,
				A50CC388262C20D400618C90 /* SceneDelegate.swift in Sources */,
				A50CC44D262E777000618C90 /* MyViewController.swift in Sources */,
				A50CC3BA262C21CF00618C90 /* NewViewController.swift in Sources */,
			);
			runOnlyForDeploymentPostprocessing = 0;
		};
		A50CC394262C20D600618C90 /* Sources */ = {
			isa = PBXSourcesBuildPhase;
			buildActionMask = 2147483647;
			files = (
				A50CC39D262C20D600618C90 /* PracticeModalPresentTests.swift in Sources */,
			);
			runOnlyForDeploymentPostprocessing = 0;
		};
		A50CC39F262C20D600618C90 /* Sources */ = {
			isa = PBXSourcesBuildPhase;
			buildActionMask = 2147483647;
			files = (
				A50CC3A8262C20D600618C90 /* PracticeModalPresentUITests.swift in Sources */,
			);
			runOnlyForDeploymentPostprocessing = 0;
		};
/* End PBXSourcesBuildPhase section */

/* Begin PBXTargetDependency section */
		A50CC39A262C20D600618C90 /* PBXTargetDependency */ = {
			isa = PBXTargetDependency;
			target = A50CC381262C20D400618C90 /* PracticeModalPresent */;
			targetProxy = A50CC399262C20D600618C90 /* PBXContainerItemProxy */;
		};
		A50CC3A5262C20D600618C90 /* PBXTargetDependency */ = {
			isa = PBXTargetDependency;
			target = A50CC381262C20D400618C90 /* PracticeModalPresent */;
			targetProxy = A50CC3A4262C20D600618C90 /* PBXContainerItemProxy */;
		};
/* End PBXTargetDependency section */

/* Begin PBXVariantGroup section */
		A50CC38B262C20D400618C90 /* Main.storyboard */ = {
			isa = PBXVariantGroup;
			children = (
				A50CC38C262C20D400618C90 /* Base */,
			);
			name = Main.storyboard;
			sourceTree = "<group>";
		};
		A50CC390262C20D500618C90 /* LaunchScreen.storyboard */ = {
			isa = PBXVariantGroup;
			children = (
				A50CC391262C20D500618C90 /* Base */,
			);
			name = LaunchScreen.storyboard;
			sourceTree = "<group>";
		};
/* End PBXVariantGroup section */

/* Begin XCBuildConfiguration section */
		A50CC3AA262C20D600618C90 /* Debug */ = {
			isa = XCBuildConfiguration;
			buildSettings = {
				ALWAYS_SEARCH_USER_PATHS = NO;
				CLANG_ANALYZER_NONNULL = YES;
				CLANG_ANALYZER_NUMBER_OBJECT_CONVERSION = YES_AGGRESSIVE;
				CLANG_CXX_LANGUAGE_STANDARD = "gnu++14";
				CLANG_CXX_LIBRARY = "libc++";
				CLANG_ENABLE_MODULES = YES;
				CLANG_ENABLE_OBJC_ARC = YES;
				CLANG_ENABLE_OBJC_WEAK = YES;
				CLANG_WARN_BLOCK_CAPTURE_AUTORELEASING = YES;
				CLANG_WARN_BOOL_CONVERSION = YES;
				CLANG_WARN_COMMA = YES;
				CLANG_WARN_CONSTANT_CONVERSION = YES;
				CLANG_WARN_DEPRECATED_OBJC_IMPLEMENTATIONS = YES;
				CLANG_WARN_DIRECT_OBJC_ISA_USAGE = YES_ERROR;
				CLANG_WARN_DOCUMENTATION_COMMENTS = YES;
				CLANG_WARN_EMPTY_BODY = YES;
				CLANG_WARN_ENUM_CONVERSION = YES;
				CLANG_WARN_INFINITE_RECURSION = YES;
				CLANG_WARN_INT_CONVERSION = YES;
				CLANG_WARN_NON_LITERAL_NULL_CONVERSION = YES;
				CLANG_WARN_OBJC_IMPLICIT_RETAIN_SELF = YES;
				CLANG_WARN_OBJC_LITERAL_CONVERSION = YES;
				CLANG_WARN_OBJC_ROOT_CLASS = YES_ERROR;
				CLANG_WARN_QUOTED_INCLUDE_IN_FRAMEWORK_HEADER = YES;
				CLANG_WARN_RANGE_LOOP_ANALYSIS = YES;
				CLANG_WARN_STRICT_PROTOTYPES = YES;
				CLANG_WARN_SUSPICIOUS_MOVE = YES;
				CLANG_WARN_UNGUARDED_AVAILABILITY = YES_AGGRESSIVE;
				CLANG_WARN_UNREACHABLE_CODE = YES;
				CLANG_WARN__DUPLICATE_METHOD_MATCH = YES;
				COPY_PHASE_STRIP = NO;
				DEBUG_INFORMATION_FORMAT = dwarf;
				ENABLE_STRICT_OBJC_MSGSEND = YES;
				ENABLE_TESTABILITY = YES;
				GCC_C_LANGUAGE_STANDARD = gnu11;
				GCC_DYNAMIC_NO_PIC = NO;
				GCC_NO_COMMON_BLOCKS = YES;
				GCC_OPTIMIZATION_LEVEL = 0;
				GCC_PREPROCESSOR_DEFINITIONS = (
					"DEBUG=1",
					"$(inherited)",
				);
				GCC_WARN_64_TO_32_BIT_CONVERSION = YES;
				GCC_WARN_ABOUT_RETURN_TYPE = YES_ERROR;
				GCC_WARN_UNDECLARED_SELECTOR = YES;
				GCC_WARN_UNINITIALIZED_AUTOS = YES_AGGRESSIVE;
				GCC_WARN_UNUSED_FUNCTION = YES;
				GCC_WARN_UNUSED_VARIABLE = YES;
				IPHONEOS_DEPLOYMENT_TARGET = 13.0;
				MTL_ENABLE_DEBUG_INFO = INCLUDE_SOURCE;
				MTL_FAST_MATH = YES;
				ONLY_ACTIVE_ARCH = YES;
				SDKROOT = iphoneos;
				SWIFT_ACTIVE_COMPILATION_CONDITIONS = DEBUG;
				SWIFT_OPTIMIZATION_LEVEL = "-Onone";
			};
			name = Debug;
		};
		A50CC3AB262C20D600618C90 /* Release */ = {
			isa = XCBuildConfiguration;
			buildSettings = {
				ALWAYS_SEARCH_USER_PATHS = NO;
				CLANG_ANALYZER_NONNULL = YES;
				CLANG_ANALYZER_NUMBER_OBJECT_CONVERSION = YES_AGGRESSIVE;
				CLANG_CXX_LANGUAGE_STANDARD = "gnu++14";
				CLANG_CXX_LIBRARY = "libc++";
				CLANG_ENABLE_MODULES = YES;
				CLANG_ENABLE_OBJC_ARC = YES;
				CLANG_ENABLE_OBJC_WEAK = YES;
				CLANG_WARN_BLOCK_CAPTURE_AUTORELEASING = YES;
				CLANG_WARN_BOOL_CONVERSION = YES;
				CLANG_WARN_COMMA = YES;
				CLANG_WARN_CONSTANT_CONVERSION = YES;
				CLANG_WARN_DEPRECATED_OBJC_IMPLEMENTATIONS = YES;
				CLANG_WARN_DIRECT_OBJC_ISA_USAGE = YES_ERROR;
				CLANG_WARN_DOCUMENTATION_COMMENTS = YES;
				CLANG_WARN_EMPTY_BODY = YES;
				CLANG_WARN_ENUM_CONVERSION = YES;
				CLANG_WARN_INFINITE_RECURSION = YES;
				CLANG_WARN_INT_CONVERSION = YES;
				CLANG_WARN_NON_LITERAL_NULL_CONVERSION = YES;
				CLANG_WARN_OBJC_IMPLICIT_RETAIN_SELF = YES;
				CLANG_WARN_OBJC_LITERAL_CONVERSION = YES;
				CLANG_WARN_OBJC_ROOT_CLASS = YES_ERROR;
				CLANG_WARN_QUOTED_INCLUDE_IN_FRAMEWORK_HEADER = YES;
				CLANG_WARN_RANGE_LOOP_ANALYSIS = YES;
				CLANG_WARN_STRICT_PROTOTYPES = YES;
				CLANG_WARN_SUSPICIOUS_MOVE = YES;
				CLANG_WARN_UNGUARDED_AVAILABILITY = YES_AGGRESSIVE;
				CLANG_WARN_UNREACHABLE_CODE = YES;
				CLANG_WARN__DUPLICATE_METHOD_MATCH = YES;
				COPY_PHASE_STRIP = NO;
				DEBUG_INFORMATION_FORMAT = "dwarf-with-dsym";
				ENABLE_NS_ASSERTIONS = NO;
				ENABLE_STRICT_OBJC_MSGSEND = YES;
				GCC_C_LANGUAGE_STANDARD = gnu11;
				GCC_NO_COMMON_BLOCKS = YES;
				GCC_WARN_64_TO_32_BIT_CONVERSION = YES;
				GCC_WARN_ABOUT_RETURN_TYPE = YES_ERROR;
				GCC_WARN_UNDECLARED_SELECTOR = YES;
				GCC_WARN_UNINITIALIZED_AUTOS = YES_AGGRESSIVE;
				GCC_WARN_UNUSED_FUNCTION = YES;
				GCC_WARN_UNUSED_VARIABLE = YES;
				IPHONEOS_DEPLOYMENT_TARGET = 13.0;
				MTL_ENABLE_DEBUG_INFO = NO;
				MTL_FAST_MATH = YES;
				SDKROOT = iphoneos;
				SWIFT_COMPILATION_MODE = wholemodule;
				SWIFT_OPTIMIZATION_LEVEL = "-O";
				VALIDATE_PRODUCT = YES;
			};
			name = Release;
		};
		A50CC3AD262C20D600618C90 /* Debug */ = {
			isa = XCBuildConfiguration;
			buildSettings = {
				ASSETCATALOG_COMPILER_APPICON_NAME = AppIcon;
				ASSETCATALOG_COMPILER_GLOBAL_ACCENT_COLOR_NAME = AccentColor;
				CODE_SIGN_STYLE = Automatic;
				DEVELOPMENT_TEAM = QGAQ3AY3R3;
				INFOPLIST_FILE = PracticeModalPresent/Info.plist;
				LD_RUNPATH_SEARCH_PATHS = (
					"$(inherited)",
					"@executable_path/Frameworks",
				);
				PRODUCT_BUNDLE_IDENTIFIER = com.ysoup.PracticeModalPresent;
				PRODUCT_NAME = "$(TARGET_NAME)";
				SWIFT_VERSION = 5.0;
				TARGETED_DEVICE_FAMILY = "1,2";
			};
			name = Debug;
		};
		A50CC3AE262C20D600618C90 /* Release */ = {
			isa = XCBuildConfiguration;
			buildSettings = {
				ASSETCATALOG_COMPILER_APPICON_NAME = AppIcon;
				ASSETCATALOG_COMPILER_GLOBAL_ACCENT_COLOR_NAME = AccentColor;
				CODE_SIGN_STYLE = Automatic;
				DEVELOPMENT_TEAM = QGAQ3AY3R3;
				INFOPLIST_FILE = PracticeModalPresent/Info.plist;
				LD_RUNPATH_SEARCH_PATHS = (
					"$(inherited)",
					"@executable_path/Frameworks",
				);
				PRODUCT_BUNDLE_IDENTIFIER = com.ysoup.PracticeModalPresent;
				PRODUCT_NAME = "$(TARGET_NAME)";
				SWIFT_VERSION = 5.0;
				TARGETED_DEVICE_FAMILY = "1,2";
			};
			name = Release;
		};
		A50CC3B0262C20D600618C90 /* Debug */ = {
			isa = XCBuildConfiguration;
			buildSettings = {
				ALWAYS_EMBED_SWIFT_STANDARD_LIBRARIES = YES;
				BUNDLE_LOADER = "$(TEST_HOST)";
				CODE_SIGN_STYLE = Automatic;
				DEVELOPMENT_TEAM = QGAQ3AY3R3;
				INFOPLIST_FILE = PracticeModalPresentTests/Info.plist;
				IPHONEOS_DEPLOYMENT_TARGET = 14.4;
				LD_RUNPATH_SEARCH_PATHS = (
					"$(inherited)",
					"@executable_path/Frameworks",
					"@loader_path/Frameworks",
				);
				PRODUCT_BUNDLE_IDENTIFIER = com.ysoup.PracticeModalPresentTests;
				PRODUCT_NAME = "$(TARGET_NAME)";
				SWIFT_VERSION = 5.0;
				TARGETED_DEVICE_FAMILY = "1,2";
				TEST_HOST = "$(BUILT_PRODUCTS_DIR)/PracticeModalPresent.app/PracticeModalPresent";
			};
			name = Debug;
		};
		A50CC3B1262C20D600618C90 /* Release */ = {
			isa = XCBuildConfiguration;
			buildSettings = {
				ALWAYS_EMBED_SWIFT_STANDARD_LIBRARIES = YES;
				BUNDLE_LOADER = "$(TEST_HOST)";
				CODE_SIGN_STYLE = Automatic;
				DEVELOPMENT_TEAM = QGAQ3AY3R3;
				INFOPLIST_FILE = PracticeModalPresentTests/Info.plist;
				IPHONEOS_DEPLOYMENT_TARGET = 14.4;
				LD_RUNPATH_SEARCH_PATHS = (
					"$(inherited)",
					"@executable_path/Frameworks",
					"@loader_path/Frameworks",
				);
				PRODUCT_BUNDLE_IDENTIFIER = com.ysoup.PracticeModalPresentTests;
				PRODUCT_NAME = "$(TARGET_NAME)";
				SWIFT_VERSION = 5.0;
				TARGETED_DEVICE_FAMILY = "1,2";
				TEST_HOST = "$(BUILT_PRODUCTS_DIR)/PracticeModalPresent.app/PracticeModalPresent";
			};
			name = Release;
		};
		A50CC3B3262C20D600618C90 /* Debug */ = {
			isa = XCBuildConfiguration;
			buildSettings = {
				ALWAYS_EMBED_SWIFT_STANDARD_LIBRARIES = YES;
				CODE_SIGN_STYLE = Automatic;
				DEVELOPMENT_TEAM = QGAQ3AY3R3;
				INFOPLIST_FILE = PracticeModalPresentUITests/Info.plist;
				LD_RUNPATH_SEARCH_PATHS = (
					"$(inherited)",
					"@executable_path/Frameworks",
					"@loader_path/Frameworks",
				);
				PRODUCT_BUNDLE_IDENTIFIER = com.ysoup.PracticeModalPresentUITests;
				PRODUCT_NAME = "$(TARGET_NAME)";
				SWIFT_VERSION = 5.0;
				TARGETED_DEVICE_FAMILY = "1,2";
				TEST_TARGET_NAME = PracticeModalPresent;
			};
			name = Debug;
		};
		A50CC3B4262C20D600618C90 /* Release */ = {
			isa = XCBuildConfiguration;
			buildSettings = {
				ALWAYS_EMBED_SWIFT_STANDARD_LIBRARIES = YES;
				CODE_SIGN_STYLE = Automatic;
				DEVELOPMENT_TEAM = QGAQ3AY3R3;
				INFOPLIST_FILE = PracticeModalPresentUITests/Info.plist;
				LD_RUNPATH_SEARCH_PATHS = (
					"$(inherited)",
					"@executable_path/Frameworks",
					"@loader_path/Frameworks",
				);
				PRODUCT_BUNDLE_IDENTIFIER = com.ysoup.PracticeModalPresentUITests;
				PRODUCT_NAME = "$(TARGET_NAME)";
				SWIFT_VERSION = 5.0;
				TARGETED_DEVICE_FAMILY = "1,2";
				TEST_TARGET_NAME = PracticeModalPresent;
			};
			name = Release;
		};
/* End XCBuildConfiguration section */

/* Begin XCConfigurationList section */
		A50CC37D262C20D400618C90 /* Build configuration list for PBXProject "PracticeModalPresent" */ = {
			isa = XCConfigurationList;
			buildConfigurations = (
				A50CC3AA262C20D600618C90 /* Debug */,
				A50CC3AB262C20D600618C90 /* Release */,
			);
			defaultConfigurationIsVisible = 0;
			defaultConfigurationName = Release;
		};
		A50CC3AC262C20D600618C90 /* Build configuration list for PBXNativeTarget "PracticeModalPresent" */ = {
			isa = XCConfigurationList;
			buildConfigurations = (
				A50CC3AD262C20D600618C90 /* Debug */,
				A50CC3AE262C20D600618C90 /* Release */,
			);
			defaultConfigurationIsVisible = 0;
			defaultConfigurationName = Release;
		};
		A50CC3AF262C20D600618C90 /* Build configuration list for PBXNativeTarget "PracticeModalPresentTests" */ = {
			isa = XCConfigurationList;
			buildConfigurations = (
				A50CC3B0262C20D600618C90 /* Debug */,
				A50CC3B1262C20D600618C90 /* Release */,
			);
			defaultConfigurationIsVisible = 0;
			defaultConfigurationName = Release;
		};
		A50CC3B2262C20D600618C90 /* Build configuration list for PBXNativeTarget "PracticeModalPresentUITests" */ = {
			isa = XCConfigurationList;
			buildConfigurations = (
				A50CC3B3262C20D600618C90 /* Debug */,
				A50CC3B4262C20D600618C90 /* Release */,
			);
			defaultConfigurationIsVisible = 0;
			defaultConfigurationName = Release;
		};
/* End XCConfigurationList section */
	};
	rootObject = A50CC37A262C20D400618C90 /* Project object */;
}
